github.com/Nigel2392/go-datastructures v1.0.4 h1:by+l+Q0KgIMfMCnWqaEMs7dkoTOjA61o/qQDtDwwes4=
github.com/Nigel2392/go-datastructures v1.0.4/go.mod h1:RNiDGkQM579UIEGwyDW5N/16s6abJNFMXx+iQvFWytg=
github.com/Nigel2392/go-datastructures v1.0.5 h1:DVyAF+qB3aDXO304Yi/H5j9Ne0aBKvoII7/yucUi+wo=
github.com/Nigel2392/go-datastructures v1.0.5/go.mod h1:RNiDGkQM579UIEGwyDW5N/16s6abJNFMXx+iQvFWytg=
github.com/Nigel2392/go-datastructures v1.0.6 h1:xcynCx/toZZzOMmQkbimMhffwqBI3onuz/Ba64dO8g4=
github.com/Nigel2392/go-datastructures v1.0.6/go.mod h1:RNiDGkQM579UIEGwyDW5N/16s6abJNFMXx+iQvFWytg=
github.com/Nigel2392/go-datastructures v1.0.7 h1:jbWe7Q1ylAQMC+bmD4RBf+hYVHL25+D8bwkTzoEJqqU=
github.com/Nigel2392/go-datastructures v1.0.7/go.mod h1:RNiDGkQM579UIEGwyDW5N/16s6abJNFMXx+iQvFWytg=
